
Microsoft Visual Studio Solution File, Format Version 12.00
# Visual Studio Version 16
VisualStudioVersion = 25.0.1706.5
MinimumVisualStudioVersion = 10.0.40219.1
Project("{FAE04EC0-301F-11D3-BF4B-00C04F79EFBC}") = "PartyInvites", "PartyInvites\PartyInvites.csproj", "{1290339D-A4C5-454B-9D1A-0615B823040D}"
EndProject
Global
	GlobalSection(SolutionConfigurationPlatforms) = preSolution
		Debug|Any CPU = Debug|Any CPU
		Release|Any CPU = Release|Any CPU
	EndGlobalSection
	GlobalSection(ProjectConfigurationPlatforms) = postSolution
		{1290339D-A4C5-454B-9D1A-0615B823040D}.Debug|Any CPU.ActiveCfg = Debug|Any CPU
		{1290339D-A4C5-454B-9D1A-0615B823040D}.Debug|Any CPU.Build.0 = Debug|Any CPU
		{1290339D-A4C5-454B-9D1A-0615B823040D}.Release|Any CPU.ActiveCfg = Release|Any CPU
		{1290339D-A4C5-454B-9D1A-0615B823040D}.Release|Any CPU.Build.0 = Release|Any CPU
	EndGlobalSection
	GlobalSection(SolutionProperties) = preSolution
		HideSolutionNode = FALSE
	EndGlobalSection
	GlobalSection(ExtensibilityGlobals) = postSolution
		SolutionGuid = {33B1EE96-DE41-4CFC-B35E-4BCF2E870BF5}
	EndGlobalSection
EndGlobal
